
Microsoft Visual Studio Solution File, Format Version 12.00
# Visual Studio Version 17
VisualStudioVersion = 17.0.31903.59
MinimumVisualStudioVersion = 10.0.40219.1
Project("{2150E333-8FDC-42A3-9474-1A3956D46DE8}") = "src", "src", "{9314C4FF-5DCD-4C24-AB9E-E356824FD950}"
EndProject
Project("{2150E333-8FDC-42A3-9474-1A3956D46DE8}") = "Shared", "Shared", "{CB2909AA-6A29-43C0-B4A9-F9A4D62B77DA}"
EndProject
Project("{FAE04EC0-301F-11D3-BF4B-00C04F79EFBC}") = "FiapCloudGames.Domain", "src\Shared\FiapCloudGames.Domain\FiapCloudGames.Domain.csproj", "{2F5A6C81-803E-49D9-BB07-90D3760992FB}"
EndProject
Project("{FAE04EC0-301F-11D3-BF4B-00C04F79EFBC}") = "FiapCloudGames.EventSourcing", "src\Shared\FiapCloudGames.EventSourcing\FiapCloudGames.EventSourcing.csproj", "{C13A871A-A2F6-4F63-883F-3A0941BE213A}"
EndProject
Project("{FAE04EC0-301F-11D3-BF4B-00C04F79EFBC}") = "FiapCloudGames.Shared", "src\Shared\FiapCloudGames.Shared\FiapCloudGames.Shared.csproj", "{7F333829-D11C-4A4A-B89F-B5B1DE95A8A2}"
EndProject
Project("{2150E333-8FDC-42A3-9474-1A3956D46DE8}") = "Services", "Services", "{DD26B2AE-3AA1-4AE4-9972-B996CE1F8E89}"
EndProject
Project("{2150E333-8FDC-42A3-9474-1A3956D46DE8}") = "Users", "Users", "{4411A120-2165-41AE-A5EB-379397EE1359}"
EndProject
Project("{FAE04EC0-301F-11D3-BF4B-00C04F79EFBC}") = "FiapCloudGames.Users.Api", "src\Services\Users\FiapCloudGames.Users.Api\FiapCloudGames.Users.Api.csproj", "{E2F9FF86-D664-4072-91F8-7409CFB0FDFF}"
EndProject
Project("{FAE04EC0-301F-11D3-BF4B-00C04F79EFBC}") = "FiapCloudGames.Users.Business", "src\Services\Users\FiapCloudGames.Users.Business\FiapCloudGames.Users.Business.csproj", "{C521438E-52C3-44AB-AC95-27E777E46EF9}"
EndProject
Project("{2150E333-8FDC-42A3-9474-1A3956D46DE8}") = "Games", "Games", "{53B5186A-E72E-4BF1-81AA-932ED96EB6CB}"
EndProject
Project("{FAE04EC0-301F-11D3-BF4B-00C04F79EFBC}") = "FiapCloudGames.Games.Api", "src\Services\Games\FiapCloudGames.Games.Api\FiapCloudGames.Games.Api.csproj", "{D601F152-B303-4ED9-92D8-52322634AF8B}"
EndProject
Project("{FAE04EC0-301F-11D3-BF4B-00C04F79EFBC}") = "FiapCloudGames.Games.Business", "src\Services\Games\FiapCloudGames.Games.Business\FiapCloudGames.Games.Business.csproj", "{8D44836F-1CC8-43CE-85C2-A5E9AE65E9D4}"
EndProject
Project("{2150E333-8FDC-42A3-9474-1A3956D46DE8}") = "Payments", "Payments", "{910DE6D1-B973-4944-8F11-F4CC9198C30E}"
EndProject
Project("{FAE04EC0-301F-11D3-BF4B-00C04F79EFBC}") = "FiapCloudGames.Payments.Api", "src\Services\Payments\FiapCloudGames.Payments.Api\FiapCloudGames.Payments.Api.csproj", "{58D946F3-EEF0-40B3-8A61-037B18FBDF7A}"
EndProject
Project("{FAE04EC0-301F-11D3-BF4B-00C04F79EFBC}") = "FiapCloudGames.Payments.Business", "src\Services\Payments\FiapCloudGames.Payments.Business\FiapCloudGames.Payments.Business.csproj", "{E34D9DC1-2C4A-4E2C-9B0E-22DD94A6686D}"
EndProject
Project("{FAE04EC0-301F-11D3-BF4B-00C04F79EFBC}") = "FiapCloudGames.Lambda", "src\Services\Payments\FiapCloudGames.Lambda\FiapCloudGames.Lambda.csproj", "{4870BA7F-6120-482C-81E0-8F1309EF3A44}"
EndProject
Project("{2150E333-8FDC-42A3-9474-1A3956D46DE8}") = "tests", "tests", "{2763BF86-28CC-49F2-AACC-F46CCEBDC220}"
EndProject
Project("{FAE04EC0-301F-11D3-BF4B-00C04F79EFBC}") = "FiapCloudGames.Tests.Unit", "tests\FiapCloudGames.Tests.Unit\FiapCloudGames.Tests.Unit.csproj", "{1AD762CA-3B36-4213-A4BA-61B0D2ED86BC}"
EndProject
Project("{FAE04EC0-301F-11D3-BF4B-00C04F79EFBC}") = "FiapCloudGames.Tests.Integration", "tests\FiapCloudGames.Tests.Integration\FiapCloudGames.Tests.Integration.csproj", "{714CF904-9649-4189-9D8B-334DCF278844}"
EndProject
Global
	GlobalSection(SolutionConfigurationPlatforms) = preSolution
		Debug|Any CPU = Debug|Any CPU
		Release|Any CPU = Release|Any CPU
	EndGlobalSection
	GlobalSection(SolutionProperties) = preSolution
		HideSolutionNode = FALSE
	EndGlobalSection
	GlobalSection(ProjectConfigurationPlatforms) = postSolution
		{2F5A6C81-803E-49D9-BB07-90D3760992FB}.Debug|Any CPU.ActiveCfg = Debug|Any CPU
		{2F5A6C81-803E-49D9-BB07-90D3760992FB}.Debug|Any CPU.Build.0 = Debug|Any CPU
		{2F5A6C81-803E-49D9-BB07-90D3760992FB}.Release|Any CPU.ActiveCfg = Release|Any CPU
		{2F5A6C81-803E-49D9-BB07-90D3760992FB}.Release|Any CPU.Build.0 = Release|Any CPU
		{C13A871A-A2F6-4F63-883F-3A0941BE213A}.Debug|Any CPU.ActiveCfg = Debug|Any CPU
		{C13A871A-A2F6-4F63-883F-3A0941BE213A}.Debug|Any CPU.Build.0 = Debug|Any CPU
		{C13A871A-A2F6-4F63-883F-3A0941BE213A}.Release|Any CPU.ActiveCfg = Release|Any CPU
		{C13A871A-A2F6-4F63-883F-3A0941BE213A}.Release|Any CPU.Build.0 = Release|Any CPU
		{7F333829-D11C-4A4A-B89F-B5B1DE95A8A2}.Debug|Any CPU.ActiveCfg = Debug|Any CPU
		{7F333829-D11C-4A4A-B89F-B5B1DE95A8A2}.Debug|Any CPU.Build.0 = Debug|Any CPU
		{7F333829-D11C-4A4A-B89F-B5B1DE95A8A2}.Release|Any CPU.ActiveCfg = Release|Any CPU
		{7F333829-D11C-4A4A-B89F-B5B1DE95A8A2}.Release|Any CPU.Build.0 = Release|Any CPU
		{E2F9FF86-D664-4072-91F8-7409CFB0FDFF}.Debug|Any CPU.ActiveCfg = Debug|Any CPU
		{E2F9FF86-D664-4072-91F8-7409CFB0FDFF}.Debug|Any CPU.Build.0 = Debug|Any CPU
		{E2F9FF86-D664-4072-91F8-7409CFB0FDFF}.Release|Any CPU.ActiveCfg = Release|Any CPU
		{E2F9FF86-D664-4072-91F8-7409CFB0FDFF}.Release|Any CPU.Build.0 = Release|Any CPU
		{C521438E-52C3-44AB-AC95-27E777E46EF9}.Debug|Any CPU.ActiveCfg = Debug|Any CPU
		{C521438E-52C3-44AB-AC95-27E777E46EF9}.Debug|Any CPU.Build.0 = Debug|Any CPU
		{C521438E-52C3-44AB-AC95-27E777E46EF9}.Release|Any CPU.ActiveCfg = Release|Any CPU
		{C521438E-52C3-44AB-AC95-27E777E46EF9}.Release|Any CPU.Build.0 = Release|Any CPU
		{D601F152-B303-4ED9-92D8-52322634AF8B}.Debug|Any CPU.ActiveCfg = Debug|Any CPU
		{D601F152-B303-4ED9-92D8-52322634AF8B}.Debug|Any CPU.Build.0 = Debug|Any CPU
		{D601F152-B303-4ED9-92D8-52322634AF8B}.Release|Any CPU.ActiveCfg = Release|Any CPU
		{D601F152-B303-4ED9-92D8-52322634AF8B}.Release|Any CPU.Build.0 = Release|Any CPU
		{8D44836F-1CC8-43CE-85C2-A5E9AE65E9D4}.Debug|Any CPU.ActiveCfg = Debug|Any CPU
		{8D44836F-1CC8-43CE-85C2-A5E9AE65E9D4}.Debug|Any CPU.Build.0 = Debug|Any CPU
		{8D44836F-1CC8-43CE-85C2-A5E9AE65E9D4}.Release|Any CPU.ActiveCfg = Release|Any CPU
		{8D44836F-1CC8-43CE-85C2-A5E9AE65E9D4}.Release|Any CPU.Build.0 = Release|Any CPU
		{58D946F3-EEF0-40B3-8A61-037B18FBDF7A}.Debug|Any CPU.ActiveCfg = Debug|Any CPU
		{58D946F3-EEF0-40B3-8A61-037B18FBDF7A}.Debug|Any CPU.Build.0 = Debug|Any CPU
		{58D946F3-EEF0-40B3-8A61-037B18FBDF7A}.Release|Any CPU.ActiveCfg = Release|Any CPU
		{58D946F3-EEF0-40B3-8A61-037B18FBDF7A}.Release|Any CPU.Build.0 = Release|Any CPU
		{E34D9DC1-2C4A-4E2C-9B0E-22DD94A6686D}.Debug|Any CPU.ActiveCfg = Debug|Any CPU
		{E34D9DC1-2C4A-4E2C-9B0E-22DD94A6686D}.Debug|Any CPU.Build.0 = Debug|Any CPU
		{E34D9DC1-2C4A-4E2C-9B0E-22DD94A6686D}.Release|Any CPU.ActiveCfg = Release|Any CPU
		{E34D9DC1-2C4A-4E2C-9B0E-22DD94A6686D}.Release|Any CPU.Build.0 = Release|Any CPU
		{4870BA7F-6120-482C-81E0-8F1309EF3A44}.Debug|Any CPU.ActiveCfg = Debug|Any CPU
		{4870BA7F-6120-482C-81E0-8F1309EF3A44}.Debug|Any CPU.Build.0 = Debug|Any CPU
		{4870BA7F-6120-482C-81E0-8F1309EF3A44}.Release|Any CPU.ActiveCfg = Release|Any CPU
		{4870BA7F-6120-482C-81E0-8F1309EF3A44}.Release|Any CPU.Build.0 = Release|Any CPU
		{1AD762CA-3B36-4213-A4BA-61B0D2ED86BC}.Debug|Any CPU.ActiveCfg = Debug|Any CPU
		{1AD762CA-3B36-4213-A4BA-61B0D2ED86BC}.Debug|Any CPU.Build.0 = Debug|Any CPU
		{1AD762CA-3B36-4213-A4BA-61B0D2ED86BC}.Release|Any CPU.ActiveCfg = Release|Any CPU
		{1AD762CA-3B36-4213-A4BA-61B0D2ED86BC}.Release|Any CPU.Build.0 = Release|Any CPU
		{714CF904-9649-4189-9D8B-334DCF278844}.Debug|Any CPU.ActiveCfg = Debug|Any CPU
		{714CF904-9649-4189-9D8B-334DCF278844}.Debug|Any CPU.Build.0 = Debug|Any CPU
		{714CF904-9649-4189-9D8B-334DCF278844}.Release|Any CPU.ActiveCfg = Release|Any CPU
		{714CF904-9649-4189-9D8B-334DCF278844}.Release|Any CPU.Build.0 = Release|Any CPU
	EndGlobalSection
	GlobalSection(NestedProjects) = preSolution
		{CB2909AA-6A29-43C0-B4A9-F9A4D62B77DA} = {9314C4FF-5DCD-4C24-AB9E-E356824FD950}
		{2F5A6C81-803E-49D9-BB07-90D3760992FB} = {CB2909AA-6A29-43C0-B4A9-F9A4D62B77DA}
		{C13A871A-A2F6-4F63-883F-3A0941BE213A} = {CB2909AA-6A29-43C0-B4A9-F9A4D62B77DA}
		{7F333829-D11C-4A4A-B89F-B5B1DE95A8A2} = {CB2909AA-6A29-43C0-B4A9-F9A4D62B77DA}
		{DD26B2AE-3AA1-4AE4-9972-B996CE1F8E89} = {9314C4FF-5DCD-4C24-AB9E-E356824FD950}
		{4411A120-2165-41AE-A5EB-379397EE1359} = {DD26B2AE-3AA1-4AE4-9972-B996CE1F8E89}
		{E2F9FF86-D664-4072-91F8-7409CFB0FDFF} = {4411A120-2165-41AE-A5EB-379397EE1359}
		{C521438E-52C3-44AB-AC95-27E777E46EF9} = {4411A120-2165-41AE-A5EB-379397EE1359}
		{53B5186A-E72E-4BF1-81AA-932ED96EB6CB} = {DD26B2AE-3AA1-4AE4-9972-B996CE1F8E89}
		{D601F152-B303-4ED9-92D8-52322634AF8B} = {53B5186A-E72E-4BF1-81AA-932ED96EB6CB}
		{8D44836F-1CC8-43CE-85C2-A5E9AE65E9D4} = {53B5186A-E72E-4BF1-81AA-932ED96EB6CB}
		{910DE6D1-B973-4944-8F11-F4CC9198C30E} = {DD26B2AE-3AA1-4AE4-9972-B996CE1F8E89}
		{58D946F3-EEF0-40B3-8A61-037B18FBDF7A} = {910DE6D1-B973-4944-8F11-F4CC9198C30E}
		{E34D9DC1-2C4A-4E2C-9B0E-22DD94A6686D} = {910DE6D1-B973-4944-8F11-F4CC9198C30E}
		{4870BA7F-6120-482C-81E0-8F1309EF3A44} = {910DE6D1-B973-4944-8F11-F4CC9198C30E}
		{1AD762CA-3B36-4213-A4BA-61B0D2ED86BC} = {2763BF86-28CC-49F2-AACC-F46CCEBDC220}
		{714CF904-9649-4189-9D8B-334DCF278844} = {2763BF86-28CC-49F2-AACC-F46CCEBDC220}
	EndGlobalSection
EndGlobal
