
Microsoft Visual Studio Solution File, Format Version 12.00
# Visual Studio Version 17
VisualStudioVersion = 17.0.31903.59
MinimumVisualStudioVersion = 10.0.40219.1
Project("{2150E333-8FDC-42A3-9474-1A3956D46DE8}") = "src", "src", "{23E174B5-BC8D-4B54-AA4D-0B4EBD9B99A4}"
EndProject
Project("{2150E333-8FDC-42A3-9474-1A3956D46DE8}") = "Shared", "Shared", "{A52F1AD7-1F60-4E2E-A4B0-E6317991F820}"
EndProject
Project("{FAE04EC0-301F-11D3-BF4B-00C04F79EFBC}") = "FiapCloudGames.Domain", "src\Shared\FiapCloudGames.Domain\FiapCloudGames.Domain.csproj", "{3EBC9EF4-C690-42C6-9FAF-95AE114D77F0}"
EndProject
Project("{FAE04EC0-301F-11D3-BF4B-00C04F79EFBC}") = "FiapCloudGames.EventSourcing", "src\Shared\FiapCloudGames.EventSourcing\FiapCloudGames.EventSourcing.csproj", "{DEB13AE3-11C1-4EBB-A935-79CE635B9A43}"
EndProject
Project("{2150E333-8FDC-42A3-9474-1A3956D46DE8}") = "Services", "Services", "{19F12479-8958-4E23-89EB-2559E2B22FEA}"
EndProject
Project("{2150E333-8FDC-42A3-9474-1A3956D46DE8}") = "Users", "Users", "{3F756311-1121-4EFE-A53F-6289542BC74A}"
EndProject
Project("{FAE04EC0-301F-11D3-BF4B-00C04F79EFBC}") = "FiapCloudGames.Users.Domain", "src\Services\Users\FiapCloudGames.Users.Domain\FiapCloudGames.Users.Domain.csproj", "{ACE31F35-B00F-4FD9-8084-3BBDB73495B4}"
EndProject
Project("{FAE04EC0-301F-11D3-BF4B-00C04F79EFBC}") = "FiapCloudGames.Users.Application", "src\Services\Users\FiapCloudGames.Users.Application\FiapCloudGames.Users.Application.csproj", "{D7AF1436-8DA2-46ED-82A2-A6D2D5CC7243}"
EndProject
Project("{FAE04EC0-301F-11D3-BF4B-00C04F79EFBC}") = "FiapCloudGames.Users.Api", "src\Services\Users\FiapCloudGames.Users.Api\FiapCloudGames.Users.Api.csproj", "{F3CFA228-CEA8-4D8A-B729-DA876B9A5E92}"
EndProject
Project("{2150E333-8FDC-42A3-9474-1A3956D46DE8}") = "Games", "Games", "{56A41BA0-F1E7-4AAD-93B8-B6F3EFC3F1E6}"
EndProject
Project("{FAE04EC0-301F-11D3-BF4B-00C04F79EFBC}") = "FiapCloudGames.Games.Domain", "src\Services\Games\FiapCloudGames.Games.Domain\FiapCloudGames.Games.Domain.csproj", "{792DB402-FF1C-482D-ABFD-62BBD3895579}"
EndProject
Project("{FAE04EC0-301F-11D3-BF4B-00C04F79EFBC}") = "FiapCloudGames.Games.Application", "src\Services\Games\FiapCloudGames.Games.Application\FiapCloudGames.Games.Application.csproj", "{613864BA-FF97-4989-8B90-64D8B75EC3D3}"
EndProject
Project("{FAE04EC0-301F-11D3-BF4B-00C04F79EFBC}") = "FiapCloudGames.Games.Api", "src\Services\Games\FiapCloudGames.Games.Api\FiapCloudGames.Games.Api.csproj", "{8619DF66-37C0-4B0F-9B14-A4FF4194850C}"
EndProject
Project("{2150E333-8FDC-42A3-9474-1A3956D46DE8}") = "Payments", "Payments", "{7A9DB888-D664-4402-ACB3-5602D99DEEBD}"
EndProject
Project("{FAE04EC0-301F-11D3-BF4B-00C04F79EFBC}") = "FiapCloudGames.Payments.Domain", "src\Services\Payments\FiapCloudGames.Payments.Domain\FiapCloudGames.Payments.Domain.csproj", "{11CE2FA4-789F-4274-9F2A-E172416B7E59}"
EndProject
Project("{FAE04EC0-301F-11D3-BF4B-00C04F79EFBC}") = "FiapCloudGames.Payments.Application", "src\Services\Payments\FiapCloudGames.Payments.Application\FiapCloudGames.Payments.Application.csproj", "{8B6AB5EA-05A8-4071-997D-1D3D08109EB0}"
EndProject
Project("{FAE04EC0-301F-11D3-BF4B-00C04F79EFBC}") = "FiapCloudGames.Payments.Api", "src\Services\Payments\FiapCloudGames.Payments.Api\FiapCloudGames.Payments.Api.csproj", "{91375003-1D09-4BD9-B334-94E7C41E03EE}"
EndProject
Project("{2150E333-8FDC-42A3-9474-1A3956D46DE8}") = "tests", "tests", "{2CD85556-8FF7-4C71-80C1-1D471062DB63}"
EndProject
Project("{2150E333-8FDC-42A3-9474-1A3956D46DE8}") = "Unit", "Unit", "{87189345-217F-4AC5-9A87-7A8CC5762F19}"
EndProject
Project("{FAE04EC0-301F-11D3-BF4B-00C04F79EFBC}") = "FiapCloudGames.Tests.Unit", "tests\Unit\FiapCloudGames.Tests.Unit\FiapCloudGames.Tests.Unit.csproj", "{2F6B8FA5-0BAB-486D-8F23-395DCC264F9F}"
EndProject
Project("{2150E333-8FDC-42A3-9474-1A3956D46DE8}") = "Integration", "Integration", "{5E7E44FB-29ED-447B-9AC5-01592EB8D5DE}"
EndProject
Project("{FAE04EC0-301F-11D3-BF4B-00C04F79EFBC}") = "FiapCloudGames.Tests.Integration", "tests\Integration\FiapCloudGames.Tests.Integration\FiapCloudGames.Tests.Integration.csproj", "{9C561113-31A2-4DE1-8114-80DCEDA59C45}"
EndProject
Global
	GlobalSection(SolutionConfigurationPlatforms) = preSolution
		Debug|Any CPU = Debug|Any CPU
		Release|Any CPU = Release|Any CPU
	EndGlobalSection
	GlobalSection(SolutionProperties) = preSolution
		HideSolutionNode = FALSE
	EndGlobalSection
	GlobalSection(ProjectConfigurationPlatforms) = postSolution
		{3EBC9EF4-C690-42C6-9FAF-95AE114D77F0}.Debug|Any CPU.ActiveCfg = Debug|Any CPU
		{3EBC9EF4-C690-42C6-9FAF-95AE114D77F0}.Debug|Any CPU.Build.0 = Debug|Any CPU
		{3EBC9EF4-C690-42C6-9FAF-95AE114D77F0}.Release|Any CPU.ActiveCfg = Release|Any CPU
		{3EBC9EF4-C690-42C6-9FAF-95AE114D77F0}.Release|Any CPU.Build.0 = Release|Any CPU
		{DEB13AE3-11C1-4EBB-A935-79CE635B9A43}.Debug|Any CPU.ActiveCfg = Debug|Any CPU
		{DEB13AE3-11C1-4EBB-A935-79CE635B9A43}.Debug|Any CPU.Build.0 = Debug|Any CPU
		{DEB13AE3-11C1-4EBB-A935-79CE635B9A43}.Release|Any CPU.ActiveCfg = Release|Any CPU
		{DEB13AE3-11C1-4EBB-A935-79CE635B9A43}.Release|Any CPU.Build.0 = Release|Any CPU
		{ACE31F35-B00F-4FD9-8084-3BBDB73495B4}.Debug|Any CPU.ActiveCfg = Debug|Any CPU
		{ACE31F35-B00F-4FD9-8084-3BBDB73495B4}.Debug|Any CPU.Build.0 = Debug|Any CPU
		{ACE31F35-B00F-4FD9-8084-3BBDB73495B4}.Release|Any CPU.ActiveCfg = Release|Any CPU
		{ACE31F35-B00F-4FD9-8084-3BBDB73495B4}.Release|Any CPU.Build.0 = Release|Any CPU
		{D7AF1436-8DA2-46ED-82A2-A6D2D5CC7243}.Debug|Any CPU.ActiveCfg = Debug|Any CPU
		{D7AF1436-8DA2-46ED-82A2-A6D2D5CC7243}.Debug|Any CPU.Build.0 = Debug|Any CPU
		{D7AF1436-8DA2-46ED-82A2-A6D2D5CC7243}.Release|Any CPU.ActiveCfg = Release|Any CPU
		{D7AF1436-8DA2-46ED-82A2-A6D2D5CC7243}.Release|Any CPU.Build.0 = Release|Any CPU
		{F3CFA228-CEA8-4D8A-B729-DA876B9A5E92}.Debug|Any CPU.ActiveCfg = Debug|Any CPU
		{F3CFA228-CEA8-4D8A-B729-DA876B9A5E92}.Debug|Any CPU.Build.0 = Debug|Any CPU
		{F3CFA228-CEA8-4D8A-B729-DA876B9A5E92}.Release|Any CPU.ActiveCfg = Release|Any CPU
		{F3CFA228-CEA8-4D8A-B729-DA876B9A5E92}.Release|Any CPU.Build.0 = Release|Any CPU
		{792DB402-FF1C-482D-ABFD-62BBD3895579}.Debug|Any CPU.ActiveCfg = Debug|Any CPU
		{792DB402-FF1C-482D-ABFD-62BBD3895579}.Debug|Any CPU.Build.0 = Debug|Any CPU
		{792DB402-FF1C-482D-ABFD-62BBD3895579}.Release|Any CPU.ActiveCfg = Release|Any CPU
		{792DB402-FF1C-482D-ABFD-62BBD3895579}.Release|Any CPU.Build.0 = Release|Any CPU
		{613864BA-FF97-4989-8B90-64D8B75EC3D3}.Debug|Any CPU.ActiveCfg = Debug|Any CPU
		{613864BA-FF97-4989-8B90-64D8B75EC3D3}.Debug|Any CPU.Build.0 = Debug|Any CPU
		{613864BA-FF97-4989-8B90-64D8B75EC3D3}.Release|Any CPU.ActiveCfg = Release|Any CPU
		{613864BA-FF97-4989-8B90-64D8B75EC3D3}.Release|Any CPU.Build.0 = Release|Any CPU
		{8619DF66-37C0-4B0F-9B14-A4FF4194850C}.Debug|Any CPU.ActiveCfg = Debug|Any CPU
		{8619DF66-37C0-4B0F-9B14-A4FF4194850C}.Debug|Any CPU.Build.0 = Debug|Any CPU
		{8619DF66-37C0-4B0F-9B14-A4FF4194850C}.Release|Any CPU.ActiveCfg = Release|Any CPU
		{8619DF66-37C0-4B0F-9B14-A4FF4194850C}.Release|Any CPU.Build.0 = Release|Any CPU
		{11CE2FA4-789F-4274-9F2A-E172416B7E59}.Debug|Any CPU.ActiveCfg = Debug|Any CPU
		{11CE2FA4-789F-4274-9F2A-E172416B7E59}.Debug|Any CPU.Build.0 = Debug|Any CPU
		{11CE2FA4-789F-4274-9F2A-E172416B7E59}.Release|Any CPU.ActiveCfg = Release|Any CPU
		{11CE2FA4-789F-4274-9F2A-E172416B7E59}.Release|Any CPU.Build.0 = Release|Any CPU
		{8B6AB5EA-05A8-4071-997D-1D3D08109EB0}.Debug|Any CPU.ActiveCfg = Debug|Any CPU
		{8B6AB5EA-05A8-4071-997D-1D3D08109EB0}.Debug|Any CPU.Build.0 = Debug|Any CPU
		{8B6AB5EA-05A8-4071-997D-1D3D08109EB0}.Release|Any CPU.ActiveCfg = Release|Any CPU
		{8B6AB5EA-05A8-4071-997D-1D3D08109EB0}.Release|Any CPU.Build.0 = Release|Any CPU
		{91375003-1D09-4BD9-B334-94E7C41E03EE}.Debug|Any CPU.ActiveCfg = Debug|Any CPU
		{91375003-1D09-4BD9-B334-94E7C41E03EE}.Debug|Any CPU.Build.0 = Debug|Any CPU
		{91375003-1D09-4BD9-B334-94E7C41E03EE}.Release|Any CPU.ActiveCfg = Release|Any CPU
		{91375003-1D09-4BD9-B334-94E7C41E03EE}.Release|Any CPU.Build.0 = Release|Any CPU
		{2F6B8FA5-0BAB-486D-8F23-395DCC264F9F}.Debug|Any CPU.ActiveCfg = Debug|Any CPU
		{2F6B8FA5-0BAB-486D-8F23-395DCC264F9F}.Debug|Any CPU.Build.0 = Debug|Any CPU
		{2F6B8FA5-0BAB-486D-8F23-395DCC264F9F}.Release|Any CPU.ActiveCfg = Release|Any CPU
		{2F6B8FA5-0BAB-486D-8F23-395DCC264F9F}.Release|Any CPU.Build.0 = Release|Any CPU
		{9C561113-31A2-4DE1-8114-80DCEDA59C45}.Debug|Any CPU.ActiveCfg = Debug|Any CPU
		{9C561113-31A2-4DE1-8114-80DCEDA59C45}.Debug|Any CPU.Build.0 = Debug|Any CPU
		{9C561113-31A2-4DE1-8114-80DCEDA59C45}.Release|Any CPU.ActiveCfg = Release|Any CPU
		{9C561113-31A2-4DE1-8114-80DCEDA59C45}.Release|Any CPU.Build.0 = Release|Any CPU
	EndGlobalSection
	GlobalSection(NestedProjects) = preSolution
		{A52F1AD7-1F60-4E2E-A4B0-E6317991F820} = {23E174B5-BC8D-4B54-AA4D-0B4EBD9B99A4}
		{3EBC9EF4-C690-42C6-9FAF-95AE114D77F0} = {A52F1AD7-1F60-4E2E-A4B0-E6317991F820}
		{DEB13AE3-11C1-4EBB-A935-79CE635B9A43} = {A52F1AD7-1F60-4E2E-A4B0-E6317991F820}
		{19F12479-8958-4E23-89EB-2559E2B22FEA} = {23E174B5-BC8D-4B54-AA4D-0B4EBD9B99A4}
		{3F756311-1121-4EFE-A53F-6289542BC74A} = {19F12479-8958-4E23-89EB-2559E2B22FEA}
		{ACE31F35-B00F-4FD9-8084-3BBDB73495B4} = {3F756311-1121-4EFE-A53F-6289542BC74A}
		{D7AF1436-8DA2-46ED-82A2-A6D2D5CC7243} = {3F756311-1121-4EFE-A53F-6289542BC74A}
		{F3CFA228-CEA8-4D8A-B729-DA876B9A5E92} = {3F756311-1121-4EFE-A53F-6289542BC74A}
		{56A41BA0-F1E7-4AAD-93B8-B6F3EFC3F1E6} = {19F12479-8958-4E23-89EB-2559E2B22FEA}
		{792DB402-FF1C-482D-ABFD-62BBD3895579} = {56A41BA0-F1E7-4AAD-93B8-B6F3EFC3F1E6}
		{613864BA-FF97-4989-8B90-64D8B75EC3D3} = {56A41BA0-F1E7-4AAD-93B8-B6F3EFC3F1E6}
		{8619DF66-37C0-4B0F-9B14-A4FF4194850C} = {56A41BA0-F1E7-4AAD-93B8-B6F3EFC3F1E6}
		{7A9DB888-D664-4402-ACB3-5602D99DEEBD} = {19F12479-8958-4E23-89EB-2559E2B22FEA}
		{11CE2FA4-789F-4274-9F2A-E172416B7E59} = {7A9DB888-D664-4402-ACB3-5602D99DEEBD}
		{8B6AB5EA-05A8-4071-997D-1D3D08109EB0} = {7A9DB888-D664-4402-ACB3-5602D99DEEBD}
		{91375003-1D09-4BD9-B334-94E7C41E03EE} = {7A9DB888-D664-4402-ACB3-5602D99DEEBD}
		{87189345-217F-4AC5-9A87-7A8CC5762F19} = {2CD85556-8FF7-4C71-80C1-1D471062DB63}
		{2F6B8FA5-0BAB-486D-8F23-395DCC264F9F} = {87189345-217F-4AC5-9A87-7A8CC5762F19}
		{5E7E44FB-29ED-447B-9AC5-01592EB8D5DE} = {2CD85556-8FF7-4C71-80C1-1D471062DB63}
		{9C561113-31A2-4DE1-8114-80DCEDA59C45} = {5E7E44FB-29ED-447B-9AC5-01592EB8D5DE}
	EndGlobalSection
EndGlobal
