
Microsoft Visual Studio Solution File, Format Version 12.00
# Visual Studio Version 17
VisualStudioVersion = 17.14.36221.1 d17.14
MinimumVisualStudioVersion = 10.0.40219.1
Project("{2150E333-8FDC-42A3-9474-1A3956D46DE8}") = "1 - Api", "1 - Api", "{02EA681E-C7D8-13C7-8484-4AC65E1B71E8}"
EndProject
Project("{2150E333-8FDC-42A3-9474-1A3956D46DE8}") = "2 - Domain", "2 - Domain", "{9FA790C9-7A19-488E-B930-902DDE288A19}"
EndProject
Project("{2150E333-8FDC-42A3-9474-1A3956D46DE8}") = "3 - Business", "3 - Business", "{7BD9AA29-2C19-498C-8A3B-3476F5AB2315}"
EndProject
Project("{2150E333-8FDC-42A3-9474-1A3956D46DE8}") = "4 - Infra", "4 - Infra", "{3842945F-06A1-408C-9AA4-FD19B34B167F}"
EndProject
Project("{2150E333-8FDC-42A3-9474-1A3956D46DE8}") = "4.1 - CrossCutting", "4.1 - CrossCutting", "{C4BA2F96-6467-4FAB-94DF-FFCA9EA59D81}"
EndProject
Project("{2150E333-8FDC-42A3-9474-1A3956D46DE8}") = "4.2 - Data", "4.2 - Data", "{9FBC4685-037B-45C5-A19C-9646AC150AAF}"
EndProject
Project("{FAE04EC0-301F-11D3-BF4B-00C04F79EFBC}") = "Fiap.Game.Infra.Data", "Fiap.Game.Infra.Data\Fiap.Game.Infra.Data.csproj", "{532A6394-ACC0-4BD2-88FB-9FC17D06EBFE}"
EndProject
Project("{FAE04EC0-301F-11D3-BF4B-00C04F79EFBC}") = "Fiap.Game.Infra.CrossCutting", "Fiap.Game.Infra.CrossCutting\Fiap.Game.Infra.CrossCutting.csproj", "{F5D4F9A2-EAAE-4E9F-BC1E-6FF8C971C886}"
EndProject
Project("{FAE04EC0-301F-11D3-BF4B-00C04F79EFBC}") = "Fiap.Game.Business", "Fiap.Game.Business\Fiap.Game.Business.csproj", "{EAD355C8-7234-420D-9766-B3F5A5BC37C7}"
EndProject
Project("{FAE04EC0-301F-11D3-BF4B-00C04F79EFBC}") = "Fiap.Game.Domain", "Fiap.Game.Domain\Fiap.Game.Domain.csproj", "{4BDE0E9E-4ACB-40A5-BAE8-9561DD722655}"
EndProject
Project("{FAE04EC0-301F-11D3-BF4B-00C04F79EFBC}") = "Fiap.Game.Api", "Fiap.Game.Api\Fiap.Game.Api.csproj", "{6D277BD9-AABD-421E-9148-DBC6C7359A4C}"
EndProject
Project("{2150E333-8FDC-42A3-9474-1A3956D46DE8}") = "5 - Test", "5 - Test", "{4CF74090-FEF2-4AEB-A39B-69B259ABEE43}"
EndProject
Project("{FAE04EC0-301F-11D3-BF4B-00C04F79EFBC}") = "Fiap.Game.Tests", "Fiap.Game.Tests\Fiap.Game.Tests.csproj", "{7648EC44-568B-3D42-D3CC-3A8A64693D88}"
EndProject
Global
	GlobalSection(SolutionConfigurationPlatforms) = preSolution
		Debug|Any CPU = Debug|Any CPU
		Release|Any CPU = Release|Any CPU
	EndGlobalSection
	GlobalSection(ProjectConfigurationPlatforms) = postSolution
		{532A6394-ACC0-4BD2-88FB-9FC17D06EBFE}.Debug|Any CPU.ActiveCfg = Debug|Any CPU
		{532A6394-ACC0-4BD2-88FB-9FC17D06EBFE}.Debug|Any CPU.Build.0 = Debug|Any CPU
		{532A6394-ACC0-4BD2-88FB-9FC17D06EBFE}.Release|Any CPU.ActiveCfg = Release|Any CPU
		{532A6394-ACC0-4BD2-88FB-9FC17D06EBFE}.Release|Any CPU.Build.0 = Release|Any CPU
		{F5D4F9A2-EAAE-4E9F-BC1E-6FF8C971C886}.Debug|Any CPU.ActiveCfg = Debug|Any CPU
		{F5D4F9A2-EAAE-4E9F-BC1E-6FF8C971C886}.Debug|Any CPU.Build.0 = Debug|Any CPU
		{F5D4F9A2-EAAE-4E9F-BC1E-6FF8C971C886}.Release|Any CPU.ActiveCfg = Release|Any CPU
		{F5D4F9A2-EAAE-4E9F-BC1E-6FF8C971C886}.Release|Any CPU.Build.0 = Release|Any CPU
		{EAD355C8-7234-420D-9766-B3F5A5BC37C7}.Debug|Any CPU.ActiveCfg = Debug|Any CPU
		{EAD355C8-7234-420D-9766-B3F5A5BC37C7}.Debug|Any CPU.Build.0 = Debug|Any CPU
		{EAD355C8-7234-420D-9766-B3F5A5BC37C7}.Release|Any CPU.ActiveCfg = Release|Any CPU
		{EAD355C8-7234-420D-9766-B3F5A5BC37C7}.Release|Any CPU.Build.0 = Release|Any CPU
		{4BDE0E9E-4ACB-40A5-BAE8-9561DD722655}.Debug|Any CPU.ActiveCfg = Debug|Any CPU
		{4BDE0E9E-4ACB-40A5-BAE8-9561DD722655}.Debug|Any CPU.Build.0 = Debug|Any CPU
		{4BDE0E9E-4ACB-40A5-BAE8-9561DD722655}.Release|Any CPU.ActiveCfg = Release|Any CPU
		{4BDE0E9E-4ACB-40A5-BAE8-9561DD722655}.Release|Any CPU.Build.0 = Release|Any CPU
		{6D277BD9-AABD-421E-9148-DBC6C7359A4C}.Debug|Any CPU.ActiveCfg = Debug|Any CPU
		{6D277BD9-AABD-421E-9148-DBC6C7359A4C}.Debug|Any CPU.Build.0 = Debug|Any CPU
		{6D277BD9-AABD-421E-9148-DBC6C7359A4C}.Release|Any CPU.ActiveCfg = Release|Any CPU
		{6D277BD9-AABD-421E-9148-DBC6C7359A4C}.Release|Any CPU.Build.0 = Release|Any CPU
		{7648EC44-568B-3D42-D3CC-3A8A64693D88}.Debug|Any CPU.ActiveCfg = Debug|Any CPU
		{7648EC44-568B-3D42-D3CC-3A8A64693D88}.Debug|Any CPU.Build.0 = Debug|Any CPU
		{7648EC44-568B-3D42-D3CC-3A8A64693D88}.Release|Any CPU.ActiveCfg = Release|Any CPU
		{7648EC44-568B-3D42-D3CC-3A8A64693D88}.Release|Any CPU.Build.0 = Release|Any CPU
	EndGlobalSection
	GlobalSection(SolutionProperties) = preSolution
		HideSolutionNode = FALSE
	EndGlobalSection
	GlobalSection(NestedProjects) = preSolution
		{C4BA2F96-6467-4FAB-94DF-FFCA9EA59D81} = {3842945F-06A1-408C-9AA4-FD19B34B167F}
		{9FBC4685-037B-45C5-A19C-9646AC150AAF} = {3842945F-06A1-408C-9AA4-FD19B34B167F}
		{532A6394-ACC0-4BD2-88FB-9FC17D06EBFE} = {9FBC4685-037B-45C5-A19C-9646AC150AAF}
		{F5D4F9A2-EAAE-4E9F-BC1E-6FF8C971C886} = {C4BA2F96-6467-4FAB-94DF-FFCA9EA59D81}
		{EAD355C8-7234-420D-9766-B3F5A5BC37C7} = {7BD9AA29-2C19-498C-8A3B-3476F5AB2315}
		{4BDE0E9E-4ACB-40A5-BAE8-9561DD722655} = {9FA790C9-7A19-488E-B930-902DDE288A19}
		{6D277BD9-AABD-421E-9148-DBC6C7359A4C} = {02EA681E-C7D8-13C7-8484-4AC65E1B71E8}
		{7648EC44-568B-3D42-D3CC-3A8A64693D88} = {4CF74090-FEF2-4AEB-A39B-69B259ABEE43}
	EndGlobalSection
	GlobalSection(ExtensibilityGlobals) = postSolution
		SolutionGuid = {4E982A87-1108-42A5-8A57-142ED09238B8}
	EndGlobalSection
EndGlobal
